<?xml version="1.0" encoding="utf-8"?>
<Project ToolsVersion="4.0" xmlns="http://schemas.microsoft.com/developer/msbuild/2003">
  <ItemGroup>
    <Filter Include="Source Files">
      <UniqueIdentifier>{4FC737F1-C7A5-4376-A066-2A32D752A2FF}</UniqueIdentifier>
      <Extensions>cpp;c;cc;cxx;def;odl;idl;hpj;bat;asm;asmx</Extensions>
    </Filter>
    <Filter Include="Header Files">
      <UniqueIdentifier>{93995380-89BD-4b04-88EB-625FBE52EBFB}</UniqueIdentifier>
      <Extensions>h;hpp;hxx;hm;inl;inc;xsd</Extensions>
    </Filter>
    <Filter Include="Resource Files">
      <UniqueIdentifier>{67DA6AB6-F800-4c08-8B7A-83BB121AAD01}</UniqueIdentifier>
      <Extensions>rc;ico;cur;bmp;dlg;rc2;rct;bin;rgs;gif;jpg;jpeg;jpe;resx;tiff;tif;png;wav;mfcribbon-ms</Extensions>
    </Filter>
    <Filter Include="Driver Files">
      <UniqueIdentifier>{8E41214B-6785-4CFE-B992-037D68949A14}</UniqueIdentifier>
      <Extensions>inf;inv;inx;mof;mc;</Extensions>
    </Filter>
    <Filter Include="arknt">
      <UniqueIdentifier>{0303796e-eb2e-4608-ac08-1b4de31c5d4f}</UniqueIdentifier>
    </Filter>
  </ItemGroup>
  <ItemGroup>
    <Inf Include="KOpenArk.inf">
      <Filter>Driver Files</Filter>
    </Inf>
  </ItemGroup>
  <ItemGroup>
    <ClCompile Include="fs.cpp">
      <Filter>Source Files</Filter>
    </ClCompile>
    <ClCompile Include="main.cpp">
      <Filter>Source Files</Filter>
    </ClCompile>
    <ClCompile Include="ob.cpp">
      <Filter>Source Files</Filter>
    </ClCompile>
    <ClCompile Include="pe.cpp">
      <Filter>Source Files</Filter>
    </ClCompile>
    <ClCompile Include="init.cpp">
      <Filter>Source Files</Filter>
    </ClCompile>
    <ClCompile Include="tool.cpp">
      <Filter>Source Files</Filter>
    </ClCompile>
    <ClCompile Include="process.cpp">
      <Filter>Source Files</Filter>
    </ClCompile>
    <ClCompile Include="ex.cpp">
      <Filter>Source Files</Filter>
    </ClCompile>
    <ClCompile Include="native.cpp">
      <Filter>Source Files</Filter>
    </ClCompile>
    <ClCompile Include="thread.cpp">
      <Filter>Source Files</Filter>
    </ClCompile>
  </ItemGroup>
  <ItemGroup>
    <ClInclude Include="Init.h">
      <Filter>Header Files</Filter>
    </ClInclude>
    <ClInclude Include="ob.h">
      <Filter>Header Files</Filter>
    </ClInclude>
    <ClInclude Include="process.h">
      <Filter>Header Files</Filter>
    </ClInclude>
    <ClInclude Include="tool.h">
      <Filter>Header Files</Filter>
    </ClInclude>
    <ClInclude Include="kark.h">
      <Filter>Header Files</Filter>
    </ClInclude>
    <ClInclude Include="pe.h">
      <Filter>Header Files</Filter>
    </ClInclude>
    <ClInclude Include="dyndata.h">
      <Filter>Header Files</Filter>
    </ClInclude>
    <ClInclude Include="..\arknt\ntldr.h">
      <Filter>arknt</Filter>
    </ClInclude>
    <ClInclude Include="..\arknt\arknt.h">
      <Filter>arknt</Filter>
    </ClInclude>
    <ClInclude Include="ntfill.h">
      <Filter>Header Files</Filter>
    </ClInclude>
    <ClInclude Include="..\arknt\ntex.h">
      <Filter>arknt</Filter>
    </ClInclude>
    <ClInclude Include="main.h">
      <Filter>Header Files</Filter>
    </ClInclude>
    <ClInclude Include="..\arknt\ntmm.h">
      <Filter>arknt</Filter>
    </ClInclude>
    <ClInclude Include="..\arknt\amd64.h">
      <Filter>arknt</Filter>
    </ClInclude>
    <ClInclude Include="..\arknt\ntwow64.h">
      <Filter>arknt</Filter>
    </ClInclude>
    <ClInclude Include="..\arknt\ntdeclaere.h">
      <Filter>arknt</Filter>
    </ClInclude>
    <ClInclude Include="..\arknt\fs.h">
      <Filter>Header Files</Filter>
    </ClInclude>
    <ClInclude Include="ex.h">
      <Filter>Header Files</Filter>
    </ClInclude>
    <ClInclude Include="..\arknt\common.h">
      <Filter>arknt</Filter>
    </ClInclude>
    <ClInclude Include="native.h">
      <Filter>Header Files</Filter>
    </ClInclude>
    <ClInclude Include="..\arknt\ntobapi.h">
      <Filter>arknt</Filter>
    </ClInclude>
    <ClInclude Include="thread.h">
      <Filter>Header Files</Filter>
    </ClInclude>
    <ClInclude Include="..\arknt\ntke.h">
      <Filter>arknt</Filter>
    </ClInclude>
    <ClInclude Include="..\arknt\ntps.h">
      <Filter>arknt</Filter>
    </ClInclude>
  </ItemGroup>
  <ItemGroup>
    <MASM Include="kasm.asm">
      <Filter>Source Files</Filter>
    </MASM>
  </ItemGroup>
</Project>