<?xml version="1.0" encoding="utf-8"?>
<Project ToolsVersion="4.0" xmlns="http://schemas.microsoft.com/developer/msbuild/2003">
  <ItemGroup>
    <Filter Include="Driver Files">
      <UniqueIdentifier>{8E41214B-6785-4CFE-B992-037D68949A14}</UniqueIdentifier>
      <Extensions>inf;inv;inx;mof;mc;</Extensions>
    </Filter>
    <Filter Include="ps">
      <UniqueIdentifier>{355dd1df-251f-4337-98b9-7966eb067275}</UniqueIdentifier>
    </Filter>
    <Filter Include="common">
      <UniqueIdentifier>{f201dad2-26f6-4e41-9b1f-bb4c2a544204}</UniqueIdentifier>
    </Filter>
    <Filter Include="inc">
      <UniqueIdentifier>{93995380-89BD-4b04-88EB-625FBE52EBFB}</UniqueIdentifier>
      <Extensions>h;hpp;hxx;hm;inl;inc;xsd</Extensions>
    </Filter>
    <Filter Include="Init">
      <UniqueIdentifier>{2735f80e-0c3a-4391-8e93-ee455976a517}</UniqueIdentifier>
    </Filter>
    <Filter Include="tool">
      <UniqueIdentifier>{aaa4ba06-6afc-434a-ae52-b95c524acdfa}</UniqueIdentifier>
    </Filter>
    <Filter Include="fs">
      <UniqueIdentifier>{dbf35825-9729-4129-8b81-79ab87c4a1e6}</UniqueIdentifier>
    </Filter>
    <Filter Include="pe">
      <UniqueIdentifier>{4FC737F1-C7A5-4376-A066-2A32D752A2FF}</UniqueIdentifier>
      <Extensions>cpp;c;cc;cxx;def;odl;idl;hpj;bat;asm;asmx</Extensions>
    </Filter>
    <Filter Include="ob">
      <UniqueIdentifier>{1ccc2e2d-8ba2-430d-b7d9-3e2226f4eea3}</UniqueIdentifier>
    </Filter>
    <Filter Include="function">
      <UniqueIdentifier>{71e36aa8-d859-43da-ab6f-f8a2526aeb34}</UniqueIdentifier>
    </Filter>
  </ItemGroup>
  <ItemGroup>
    <Inf Include="QHunTer.inf">
      <Filter>Driver Files</Filter>
    </Inf>
  </ItemGroup>
  <ItemGroup>
    <ClCompile Include="process.cpp">
      <Filter>ps</Filter>
    </ClCompile>
    <ClCompile Include="main.cpp" />
    <ClCompile Include="fs.cpp">
      <Filter>fs</Filter>
    </ClCompile>
    <ClCompile Include="Init.cpp">
      <Filter>Init</Filter>
    </ClCompile>
    <ClCompile Include="pe.cpp">
      <Filter>pe</Filter>
    </ClCompile>
    <ClCompile Include="ob.cpp">
      <Filter>ob</Filter>
    </ClCompile>
    <ClCompile Include="tool.cpp">
      <Filter>tool</Filter>
    </ClCompile>
  </ItemGroup>
  <ItemGroup>
    <ClInclude Include="struct.h">
      <Filter>common</Filter>
    </ClInclude>
    <ClInclude Include="namespace.h">
      <Filter>inc</Filter>
    </ClInclude>
    <ClInclude Include="process.h">
      <Filter>inc</Filter>
    </ClInclude>
    <ClInclude Include="readme.h">
      <Filter>inc</Filter>
    </ClInclude>
    <ClInclude Include="main.h">
      <Filter>inc</Filter>
    </ClInclude>
    <ClInclude Include="ntkrnl.h">
      <Filter>inc</Filter>
    </ClInclude>
    <ClInclude Include="pe.h">
      <Filter>inc</Filter>
    </ClInclude>
    <ClInclude Include="Init.h">
      <Filter>inc</Filter>
    </ClInclude>
    <ClInclude Include="ob.h">
      <Filter>inc</Filter>
    </ClInclude>
    <ClInclude Include="tool.h">
      <Filter>inc</Filter>
    </ClInclude>
    <ClInclude Include="..\..\OpenArk\OpenArk\common.h">
      <Filter>common</Filter>
    </ClInclude>
  </ItemGroup>
  <ItemGroup>
    <MASM Include="AsmFunction.asm">
      <Filter>function</Filter>
    </MASM>
  </ItemGroup>
</Project>